
Microsoft Visual Studio Solution File, Format Version 12.00
# Visual Studio Version 17
VisualStudioVersion = 17.0.31903.59
MinimumVisualStudioVersion = 10.0.40219.1
Project("{FAE04EC0-301F-11D3-BF4B-00C04F79EFBC}") = "stop-sign", "stop-sign\stop-sign.csproj", "{C370B460-7C44-4751-AE22-524D1C14C334}"
EndProject
Project("{FAE04EC0-301F-11D3-BF4B-00C04F79EFBC}") = "sandbox", "sandbox\sandbox.csproj", "{AA24A69B-47D3-49C8-9E5D-FAEC9B5D57B5}"
EndProject
Project("{FAE04EC0-301F-11D3-BF4B-00C04F79EFBC}") = "Ch2Ex6", "Ch2Ex6\Ch2Ex6.csproj", "{F4E67AFD-89F5-49DA-9017-12EC7793B11D}"
EndProject
Project("{FAE04EC0-301F-11D3-BF4B-00C04F79EFBC}") = "Ch2Ex8", "Ch2Ex8\Ch2Ex8.csproj", "{4F533561-C36B-4CCC-A7FD-240110D4A429}"
EndProject
Project("{FAE04EC0-301F-11D3-BF4B-00C04F79EFBC}") = "Ch2Ex9", "Ch2Ex9\Ch2Ex9.csproj", "{21CC735E-A459-443C-A667-ED30D3ECFEE5}"
EndProject
Project("{FAE04EC0-301F-11D3-BF4B-00C04F79EFBC}") = "Ch2Ex10", "Ch2Ex10\Ch2Ex10.csproj", "{FE119553-C9AB-46F6-BF5D-CDD88AAB2D3D}"
EndProject
Project("{FAE04EC0-301F-11D3-BF4B-00C04F79EFBC}") = "Ch2Ex11", "Ch2Ex11\Ch2Ex11.csproj", "{A55CE655-70A8-4DBA-A9A6-CFDE553C5BB7}"
EndProject
Project("{FAE04EC0-301F-11D3-BF4B-00C04F79EFBC}") = "Ch3Ex1", "Ch3Ex1\Ch3Ex1.csproj", "{45D6ACA4-66EF-43A0-B211-C0F338E0682F}"
EndProject
Project("{FAE04EC0-301F-11D3-BF4B-00C04F79EFBC}") = "Ch3Ex2", "Ch3Ex2\Ch3Ex2.csproj", "{A7FC577A-CBE7-4258-8E85-F81F4F32ABF5}"
EndProject
Project("{FAE04EC0-301F-11D3-BF4B-00C04F79EFBC}") = "Ch3Ex3", "Ch3Ex3\Ch3Ex3.csproj", "{05593BAF-E7F6-4E25-A518-2995A47E0C62}"
EndProject
Project("{FAE04EC0-301F-11D3-BF4B-00C04F79EFBC}") = "Ch3Ex4", "Ch3Ex4\Ch3Ex4.csproj", "{7B324CBF-86B2-42CC-AB84-88D966A938ED}"
EndProject
Project("{FAE04EC0-301F-11D3-BF4B-00C04F79EFBC}") = "Ch2Ex16", "Ch2Ex16\Ch2Ex16.csproj", "{E24D528B-0047-47F4-B1A7-FC19D8763BD9}"
EndProject
Project("{FAE04EC0-301F-11D3-BF4B-00C04F79EFBC}") = "CanYouVote", "CanYouVote\CanYouVote.csproj", "{C49DD319-A38A-439D-BA78-C4440A22C9FB}"
EndProject
Project("{FAE04EC0-301F-11D3-BF4B-00C04F79EFBC}") = "Ch4Ex1", "Ch4Ex1\Ch4Ex1.csproj", "{13F4CF24-CB75-41CE-B63A-394E59161DB5}"
EndProject
Project("{FAE04EC0-301F-11D3-BF4B-00C04F79EFBC}") = "Ch4Ex2", "Ch4Ex2\Ch4Ex2.csproj", "{8ACF618F-CD83-4360-9A70-F194972F2AAE}"
EndProject
Project("{FAE04EC0-301F-11D3-BF4B-00C04F79EFBC}") = "Ch4Ex3", "Ch4Ex3\Ch4Ex3.csproj", "{1CB4A036-FDCB-479E-A51A-F94FCF9E745A}"
EndProject
Project("{FAE04EC0-301F-11D3-BF4B-00C04F79EFBC}") = "Ch4Ex4", "Ch4Ex4\Ch4Ex4.csproj", "{E609017B-38E3-45D9-9927-DF2981E28F20}"
EndProject
Project("{FAE04EC0-301F-11D3-BF4B-00C04F79EFBC}") = "Ch4Ex5", "Ch4Ex5\Ch4Ex5.csproj", "{10720DC4-5D7F-4C02-9269-B5B5E7A9069B}"
EndProject
Project("{FAE04EC0-301F-11D3-BF4B-00C04F79EFBC}") = "Ch5Ex5", "Ch5Ex5\Ch5Ex5.csproj", "{EA1FA8E2-1A6F-4A0B-BA89-EF2EF26A5D4C}"
EndProject
Project("{FAE04EC0-301F-11D3-BF4B-00C04F79EFBC}") = "Ch5Ex13", "Ch5Ex13\Ch5Ex13.csproj", "{72A7CB50-2818-425E-9D93-2B778F17A29C}"
EndProject
Project("{FAE04EC0-301F-11D3-BF4B-00C04F79EFBC}") = "Ch5Ex9", "Ch5Ex9\Ch5Ex9.csproj", "{A76B16A3-B563-4111-8B00-63AD652EC087}"
EndProject
Project("{FAE04EC0-301F-11D3-BF4B-00C04F79EFBC}") = "Ch5Ex3", "Ch5Ex3\Ch5Ex3.csproj", "{100652AD-885A-48A5-8465-C7CEEF71359B}"
EndProject
Project("{FAE04EC0-301F-11D3-BF4B-00C04F79EFBC}") = "Ch4Ex9", "Ch4Ex9\Ch4Ex9.csproj", "{88B84987-F2B5-4B38-ABAF-B3D742982D6F}"
EndProject
Project("{2150E333-8FDC-42A3-9474-1A3956D46DE8}") = "Ch4", "Ch4", "{B5335BA0-4324-46A8-8E11-548DA4AF6073}"
EndProject
Project("{2150E333-8FDC-42A3-9474-1A3956D46DE8}") = "Ch3", "Ch3", "{E4AEB34C-A430-4314-92BD-B7652C6F45EB}"
EndProject
Project("{2150E333-8FDC-42A3-9474-1A3956D46DE8}") = "Ch2", "Ch2", "{6934093E-106C-4DEA-BC18-FA1788CCE28E}"
EndProject
Project("{2150E333-8FDC-42A3-9474-1A3956D46DE8}") = "misc", "misc", "{9EB37186-3C31-4991-B9AD-7A0EF59B1831}"
EndProject
Project("{2150E333-8FDC-42A3-9474-1A3956D46DE8}") = "Ch5", "Ch5", "{29C60CEE-B895-4C20-922B-1308F6A7F876}"
EndProject
Project("{2150E333-8FDC-42A3-9474-1A3956D46DE8}") = "Ch6", "Ch6", "{96DBC80F-25A1-47D6-9641-4E4F56EBB81E}"
EndProject
Project("{FAE04EC0-301F-11D3-BF4B-00C04F79EFBC}") = "Ch5Ex14", "Ch5Ex14\Ch5Ex14.csproj", "{F9B22A9C-BF5D-4D48-8B96-B06F1C77B18E}"
EndProject
Project("{FAE04EC0-301F-11D3-BF4B-00C04F79EFBC}") = "Ch6Ex1", "Ch6Ex1\Ch6Ex1.csproj", "{70680637-2FC6-45F5-BE3B-CDC4686042B8}"
EndProject
Project("{FAE04EC0-301F-11D3-BF4B-00C04F79EFBC}") = "Ch6Ex2", "Ch6Ex2\Ch6Ex2.csproj", "{97A6E6F0-AB80-4201-8396-73CE2132EDD0}"
EndProject
Project("{FAE04EC0-301F-11D3-BF4B-00C04F79EFBC}") = "Ch6Ex3", "Ch6Ex3\Ch6Ex3.csproj", "{3E16564E-D0C2-424F-96DD-B206340EB780}"
EndProject
Project("{FAE04EC0-301F-11D3-BF4B-00C04F79EFBC}") = "Ch6Ex8", "Ch6Ex8\Ch6Ex8.csproj", "{98C51639-2C7A-42DA-BB88-3AA01CD139C1}"
EndProject
Project("{FAE04EC0-301F-11D3-BF4B-00C04F79EFBC}") = "DutchFlags", "DutchFlags\DutchFlags.csproj", "{C28E879E-1682-4FBD-B095-EB99017A060A}"
EndProject
Project("{FAE04EC0-301F-11D3-BF4B-00C04F79EFBC}") = "maxSubArray", "maxSubArray\maxSubArray.csproj", "{42234D4B-522C-434B-9F74-C3B3630C3DCE}"
EndProject
Global
	GlobalSection(SolutionConfigurationPlatforms) = preSolution
		Debug|Any CPU = Debug|Any CPU
		Release|Any CPU = Release|Any CPU
	EndGlobalSection
	GlobalSection(SolutionProperties) = preSolution
		HideSolutionNode = FALSE
	EndGlobalSection
	GlobalSection(ProjectConfigurationPlatforms) = postSolution
		{C370B460-7C44-4751-AE22-524D1C14C334}.Debug|Any CPU.ActiveCfg = Debug|Any CPU
		{C370B460-7C44-4751-AE22-524D1C14C334}.Debug|Any CPU.Build.0 = Debug|Any CPU
		{C370B460-7C44-4751-AE22-524D1C14C334}.Release|Any CPU.ActiveCfg = Release|Any CPU
		{C370B460-7C44-4751-AE22-524D1C14C334}.Release|Any CPU.Build.0 = Release|Any CPU
		{721BB619-FE28-462B-8E9D-395373CD0202}.Debug|Any CPU.ActiveCfg = Debug|Any CPU
		{721BB619-FE28-462B-8E9D-395373CD0202}.Debug|Any CPU.Build.0 = Debug|Any CPU
		{721BB619-FE28-462B-8E9D-395373CD0202}.Release|Any CPU.ActiveCfg = Release|Any CPU
		{721BB619-FE28-462B-8E9D-395373CD0202}.Release|Any CPU.Build.0 = Release|Any CPU
		{AA24A69B-47D3-49C8-9E5D-FAEC9B5D57B5}.Debug|Any CPU.ActiveCfg = Debug|Any CPU
		{AA24A69B-47D3-49C8-9E5D-FAEC9B5D57B5}.Debug|Any CPU.Build.0 = Debug|Any CPU
		{AA24A69B-47D3-49C8-9E5D-FAEC9B5D57B5}.Release|Any CPU.ActiveCfg = Release|Any CPU
		{AA24A69B-47D3-49C8-9E5D-FAEC9B5D57B5}.Release|Any CPU.Build.0 = Release|Any CPU
		{F4E67AFD-89F5-49DA-9017-12EC7793B11D}.Debug|Any CPU.ActiveCfg = Debug|Any CPU
		{F4E67AFD-89F5-49DA-9017-12EC7793B11D}.Debug|Any CPU.Build.0 = Debug|Any CPU
		{F4E67AFD-89F5-49DA-9017-12EC7793B11D}.Release|Any CPU.ActiveCfg = Release|Any CPU
		{F4E67AFD-89F5-49DA-9017-12EC7793B11D}.Release|Any CPU.Build.0 = Release|Any CPU
		{4F533561-C36B-4CCC-A7FD-240110D4A429}.Debug|Any CPU.ActiveCfg = Debug|Any CPU
		{4F533561-C36B-4CCC-A7FD-240110D4A429}.Debug|Any CPU.Build.0 = Debug|Any CPU
		{4F533561-C36B-4CCC-A7FD-240110D4A429}.Release|Any CPU.ActiveCfg = Release|Any CPU
		{4F533561-C36B-4CCC-A7FD-240110D4A429}.Release|Any CPU.Build.0 = Release|Any CPU
		{21CC735E-A459-443C-A667-ED30D3ECFEE5}.Debug|Any CPU.ActiveCfg = Debug|Any CPU
		{21CC735E-A459-443C-A667-ED30D3ECFEE5}.Debug|Any CPU.Build.0 = Debug|Any CPU
		{21CC735E-A459-443C-A667-ED30D3ECFEE5}.Release|Any CPU.ActiveCfg = Release|Any CPU
		{21CC735E-A459-443C-A667-ED30D3ECFEE5}.Release|Any CPU.Build.0 = Release|Any CPU
		{FE119553-C9AB-46F6-BF5D-CDD88AAB2D3D}.Debug|Any CPU.ActiveCfg = Debug|Any CPU
		{FE119553-C9AB-46F6-BF5D-CDD88AAB2D3D}.Debug|Any CPU.Build.0 = Debug|Any CPU
		{FE119553-C9AB-46F6-BF5D-CDD88AAB2D3D}.Release|Any CPU.ActiveCfg = Release|Any CPU
		{FE119553-C9AB-46F6-BF5D-CDD88AAB2D3D}.Release|Any CPU.Build.0 = Release|Any CPU
		{A55CE655-70A8-4DBA-A9A6-CFDE553C5BB7}.Debug|Any CPU.ActiveCfg = Debug|Any CPU
		{A55CE655-70A8-4DBA-A9A6-CFDE553C5BB7}.Debug|Any CPU.Build.0 = Debug|Any CPU
		{A55CE655-70A8-4DBA-A9A6-CFDE553C5BB7}.Release|Any CPU.ActiveCfg = Release|Any CPU
		{A55CE655-70A8-4DBA-A9A6-CFDE553C5BB7}.Release|Any CPU.Build.0 = Release|Any CPU
		{BCE6DDB7-E3BC-41B4-BF83-F11F64CAD3C5}.Debug|Any CPU.ActiveCfg = Debug|Any CPU
		{BCE6DDB7-E3BC-41B4-BF83-F11F64CAD3C5}.Debug|Any CPU.Build.0 = Debug|Any CPU
		{BCE6DDB7-E3BC-41B4-BF83-F11F64CAD3C5}.Release|Any CPU.ActiveCfg = Release|Any CPU
		{BCE6DDB7-E3BC-41B4-BF83-F11F64CAD3C5}.Release|Any CPU.Build.0 = Release|Any CPU
		{45D6ACA4-66EF-43A0-B211-C0F338E0682F}.Debug|Any CPU.ActiveCfg = Debug|Any CPU
		{45D6ACA4-66EF-43A0-B211-C0F338E0682F}.Debug|Any CPU.Build.0 = Debug|Any CPU
		{45D6ACA4-66EF-43A0-B211-C0F338E0682F}.Release|Any CPU.ActiveCfg = Release|Any CPU
		{45D6ACA4-66EF-43A0-B211-C0F338E0682F}.Release|Any CPU.Build.0 = Release|Any CPU
		{A7FC577A-CBE7-4258-8E85-F81F4F32ABF5}.Debug|Any CPU.ActiveCfg = Debug|Any CPU
		{A7FC577A-CBE7-4258-8E85-F81F4F32ABF5}.Debug|Any CPU.Build.0 = Debug|Any CPU
		{A7FC577A-CBE7-4258-8E85-F81F4F32ABF5}.Release|Any CPU.ActiveCfg = Release|Any CPU
		{A7FC577A-CBE7-4258-8E85-F81F4F32ABF5}.Release|Any CPU.Build.0 = Release|Any CPU
		{05593BAF-E7F6-4E25-A518-2995A47E0C62}.Debug|Any CPU.ActiveCfg = Debug|Any CPU
		{05593BAF-E7F6-4E25-A518-2995A47E0C62}.Debug|Any CPU.Build.0 = Debug|Any CPU
		{05593BAF-E7F6-4E25-A518-2995A47E0C62}.Release|Any CPU.ActiveCfg = Release|Any CPU
		{05593BAF-E7F6-4E25-A518-2995A47E0C62}.Release|Any CPU.Build.0 = Release|Any CPU
		{7B324CBF-86B2-42CC-AB84-88D966A938ED}.Debug|Any CPU.ActiveCfg = Debug|Any CPU
		{7B324CBF-86B2-42CC-AB84-88D966A938ED}.Debug|Any CPU.Build.0 = Debug|Any CPU
		{7B324CBF-86B2-42CC-AB84-88D966A938ED}.Release|Any CPU.ActiveCfg = Release|Any CPU
		{7B324CBF-86B2-42CC-AB84-88D966A938ED}.Release|Any CPU.Build.0 = Release|Any CPU
		{E24D528B-0047-47F4-B1A7-FC19D8763BD9}.Debug|Any CPU.ActiveCfg = Debug|Any CPU
		{E24D528B-0047-47F4-B1A7-FC19D8763BD9}.Debug|Any CPU.Build.0 = Debug|Any CPU
		{E24D528B-0047-47F4-B1A7-FC19D8763BD9}.Release|Any CPU.ActiveCfg = Release|Any CPU
		{E24D528B-0047-47F4-B1A7-FC19D8763BD9}.Release|Any CPU.Build.0 = Release|Any CPU
		{C49DD319-A38A-439D-BA78-C4440A22C9FB}.Debug|Any CPU.ActiveCfg = Debug|Any CPU
		{C49DD319-A38A-439D-BA78-C4440A22C9FB}.Debug|Any CPU.Build.0 = Debug|Any CPU
		{C49DD319-A38A-439D-BA78-C4440A22C9FB}.Release|Any CPU.ActiveCfg = Release|Any CPU
		{C49DD319-A38A-439D-BA78-C4440A22C9FB}.Release|Any CPU.Build.0 = Release|Any CPU
		{13F4CF24-CB75-41CE-B63A-394E59161DB5}.Debug|Any CPU.ActiveCfg = Debug|Any CPU
		{13F4CF24-CB75-41CE-B63A-394E59161DB5}.Debug|Any CPU.Build.0 = Debug|Any CPU
		{13F4CF24-CB75-41CE-B63A-394E59161DB5}.Release|Any CPU.ActiveCfg = Release|Any CPU
		{13F4CF24-CB75-41CE-B63A-394E59161DB5}.Release|Any CPU.Build.0 = Release|Any CPU
		{8ACF618F-CD83-4360-9A70-F194972F2AAE}.Debug|Any CPU.ActiveCfg = Debug|Any CPU
		{8ACF618F-CD83-4360-9A70-F194972F2AAE}.Debug|Any CPU.Build.0 = Debug|Any CPU
		{8ACF618F-CD83-4360-9A70-F194972F2AAE}.Release|Any CPU.ActiveCfg = Release|Any CPU
		{8ACF618F-CD83-4360-9A70-F194972F2AAE}.Release|Any CPU.Build.0 = Release|Any CPU
		{1CB4A036-FDCB-479E-A51A-F94FCF9E745A}.Debug|Any CPU.ActiveCfg = Debug|Any CPU
		{1CB4A036-FDCB-479E-A51A-F94FCF9E745A}.Debug|Any CPU.Build.0 = Debug|Any CPU
		{1CB4A036-FDCB-479E-A51A-F94FCF9E745A}.Release|Any CPU.ActiveCfg = Release|Any CPU
		{1CB4A036-FDCB-479E-A51A-F94FCF9E745A}.Release|Any CPU.Build.0 = Release|Any CPU
		{E609017B-38E3-45D9-9927-DF2981E28F20}.Debug|Any CPU.ActiveCfg = Debug|Any CPU
		{E609017B-38E3-45D9-9927-DF2981E28F20}.Debug|Any CPU.Build.0 = Debug|Any CPU
		{E609017B-38E3-45D9-9927-DF2981E28F20}.Release|Any CPU.ActiveCfg = Release|Any CPU
		{E609017B-38E3-45D9-9927-DF2981E28F20}.Release|Any CPU.Build.0 = Release|Any CPU
		{10720DC4-5D7F-4C02-9269-B5B5E7A9069B}.Debug|Any CPU.ActiveCfg = Debug|Any CPU
		{10720DC4-5D7F-4C02-9269-B5B5E7A9069B}.Debug|Any CPU.Build.0 = Debug|Any CPU
		{10720DC4-5D7F-4C02-9269-B5B5E7A9069B}.Release|Any CPU.ActiveCfg = Release|Any CPU
		{10720DC4-5D7F-4C02-9269-B5B5E7A9069B}.Release|Any CPU.Build.0 = Release|Any CPU
		{EA1FA8E2-1A6F-4A0B-BA89-EF2EF26A5D4C}.Debug|Any CPU.ActiveCfg = Debug|Any CPU
		{EA1FA8E2-1A6F-4A0B-BA89-EF2EF26A5D4C}.Debug|Any CPU.Build.0 = Debug|Any CPU
		{EA1FA8E2-1A6F-4A0B-BA89-EF2EF26A5D4C}.Release|Any CPU.ActiveCfg = Release|Any CPU
		{EA1FA8E2-1A6F-4A0B-BA89-EF2EF26A5D4C}.Release|Any CPU.Build.0 = Release|Any CPU
		{72A7CB50-2818-425E-9D93-2B778F17A29C}.Debug|Any CPU.ActiveCfg = Debug|Any CPU
		{72A7CB50-2818-425E-9D93-2B778F17A29C}.Debug|Any CPU.Build.0 = Debug|Any CPU
		{72A7CB50-2818-425E-9D93-2B778F17A29C}.Release|Any CPU.ActiveCfg = Release|Any CPU
		{72A7CB50-2818-425E-9D93-2B778F17A29C}.Release|Any CPU.Build.0 = Release|Any CPU
		{A76B16A3-B563-4111-8B00-63AD652EC087}.Debug|Any CPU.ActiveCfg = Debug|Any CPU
		{A76B16A3-B563-4111-8B00-63AD652EC087}.Debug|Any CPU.Build.0 = Debug|Any CPU
		{A76B16A3-B563-4111-8B00-63AD652EC087}.Release|Any CPU.ActiveCfg = Release|Any CPU
		{A76B16A3-B563-4111-8B00-63AD652EC087}.Release|Any CPU.Build.0 = Release|Any CPU
		{100652AD-885A-48A5-8465-C7CEEF71359B}.Debug|Any CPU.ActiveCfg = Debug|Any CPU
		{100652AD-885A-48A5-8465-C7CEEF71359B}.Debug|Any CPU.Build.0 = Debug|Any CPU
		{100652AD-885A-48A5-8465-C7CEEF71359B}.Release|Any CPU.ActiveCfg = Release|Any CPU
		{100652AD-885A-48A5-8465-C7CEEF71359B}.Release|Any CPU.Build.0 = Release|Any CPU
		{88B84987-F2B5-4B38-ABAF-B3D742982D6F}.Debug|Any CPU.ActiveCfg = Debug|Any CPU
		{88B84987-F2B5-4B38-ABAF-B3D742982D6F}.Debug|Any CPU.Build.0 = Debug|Any CPU
		{88B84987-F2B5-4B38-ABAF-B3D742982D6F}.Release|Any CPU.ActiveCfg = Release|Any CPU
		{88B84987-F2B5-4B38-ABAF-B3D742982D6F}.Release|Any CPU.Build.0 = Release|Any CPU
		{F9B22A9C-BF5D-4D48-8B96-B06F1C77B18E}.Debug|Any CPU.ActiveCfg = Debug|Any CPU
		{F9B22A9C-BF5D-4D48-8B96-B06F1C77B18E}.Debug|Any CPU.Build.0 = Debug|Any CPU
		{F9B22A9C-BF5D-4D48-8B96-B06F1C77B18E}.Release|Any CPU.ActiveCfg = Release|Any CPU
		{F9B22A9C-BF5D-4D48-8B96-B06F1C77B18E}.Release|Any CPU.Build.0 = Release|Any CPU
		{70680637-2FC6-45F5-BE3B-CDC4686042B8}.Debug|Any CPU.ActiveCfg = Debug|Any CPU
		{70680637-2FC6-45F5-BE3B-CDC4686042B8}.Debug|Any CPU.Build.0 = Debug|Any CPU
		{70680637-2FC6-45F5-BE3B-CDC4686042B8}.Release|Any CPU.ActiveCfg = Release|Any CPU
		{70680637-2FC6-45F5-BE3B-CDC4686042B8}.Release|Any CPU.Build.0 = Release|Any CPU
		{97A6E6F0-AB80-4201-8396-73CE2132EDD0}.Debug|Any CPU.ActiveCfg = Debug|Any CPU
		{97A6E6F0-AB80-4201-8396-73CE2132EDD0}.Debug|Any CPU.Build.0 = Debug|Any CPU
		{97A6E6F0-AB80-4201-8396-73CE2132EDD0}.Release|Any CPU.ActiveCfg = Release|Any CPU
		{97A6E6F0-AB80-4201-8396-73CE2132EDD0}.Release|Any CPU.Build.0 = Release|Any CPU
		{3E16564E-D0C2-424F-96DD-B206340EB780}.Debug|Any CPU.ActiveCfg = Debug|Any CPU
		{3E16564E-D0C2-424F-96DD-B206340EB780}.Debug|Any CPU.Build.0 = Debug|Any CPU
		{3E16564E-D0C2-424F-96DD-B206340EB780}.Release|Any CPU.ActiveCfg = Release|Any CPU
		{3E16564E-D0C2-424F-96DD-B206340EB780}.Release|Any CPU.Build.0 = Release|Any CPU
		{98C51639-2C7A-42DA-BB88-3AA01CD139C1}.Debug|Any CPU.ActiveCfg = Debug|Any CPU
		{98C51639-2C7A-42DA-BB88-3AA01CD139C1}.Debug|Any CPU.Build.0 = Debug|Any CPU
		{98C51639-2C7A-42DA-BB88-3AA01CD139C1}.Release|Any CPU.ActiveCfg = Release|Any CPU
		{98C51639-2C7A-42DA-BB88-3AA01CD139C1}.Release|Any CPU.Build.0 = Release|Any CPU
		{C28E879E-1682-4FBD-B095-EB99017A060A}.Debug|Any CPU.ActiveCfg = Debug|Any CPU
		{C28E879E-1682-4FBD-B095-EB99017A060A}.Debug|Any CPU.Build.0 = Debug|Any CPU
		{C28E879E-1682-4FBD-B095-EB99017A060A}.Release|Any CPU.ActiveCfg = Release|Any CPU
		{C28E879E-1682-4FBD-B095-EB99017A060A}.Release|Any CPU.Build.0 = Release|Any CPU
		{42234D4B-522C-434B-9F74-C3B3630C3DCE}.Debug|Any CPU.ActiveCfg = Debug|Any CPU
		{42234D4B-522C-434B-9F74-C3B3630C3DCE}.Debug|Any CPU.Build.0 = Debug|Any CPU
		{42234D4B-522C-434B-9F74-C3B3630C3DCE}.Release|Any CPU.ActiveCfg = Release|Any CPU
		{42234D4B-522C-434B-9F74-C3B3630C3DCE}.Release|Any CPU.Build.0 = Release|Any CPU
	EndGlobalSection
	GlobalSection(NestedProjects) = preSolution
		{42234D4B-522C-434B-9F74-C3B3630C3DCE} = {9EB37186-3C31-4991-B9AD-7A0EF59B1831}
		{C28E879E-1682-4FBD-B095-EB99017A060A} = {9EB37186-3C31-4991-B9AD-7A0EF59B1831}
		{98C51639-2C7A-42DA-BB88-3AA01CD139C1} = {96DBC80F-25A1-47D6-9641-4E4F56EBB81E}
		{3E16564E-D0C2-424F-96DD-B206340EB780} = {96DBC80F-25A1-47D6-9641-4E4F56EBB81E}
		{97A6E6F0-AB80-4201-8396-73CE2132EDD0} = {96DBC80F-25A1-47D6-9641-4E4F56EBB81E}
		{70680637-2FC6-45F5-BE3B-CDC4686042B8} = {96DBC80F-25A1-47D6-9641-4E4F56EBB81E}
		{F9B22A9C-BF5D-4D48-8B96-B06F1C77B18E} = {29C60CEE-B895-4C20-922B-1308F6A7F876}
		{A76B16A3-B563-4111-8B00-63AD652EC087} = {29C60CEE-B895-4C20-922B-1308F6A7F876}
		{EA1FA8E2-1A6F-4A0B-BA89-EF2EF26A5D4C} = {29C60CEE-B895-4C20-922B-1308F6A7F876}
		{100652AD-885A-48A5-8465-C7CEEF71359B} = {29C60CEE-B895-4C20-922B-1308F6A7F876}
		{72A7CB50-2818-425E-9D93-2B778F17A29C} = {29C60CEE-B895-4C20-922B-1308F6A7F876}
		{C370B460-7C44-4751-AE22-524D1C14C334} = {9EB37186-3C31-4991-B9AD-7A0EF59B1831}
		{C49DD319-A38A-439D-BA78-C4440A22C9FB} = {9EB37186-3C31-4991-B9AD-7A0EF59B1831}
		{21CC735E-A459-443C-A667-ED30D3ECFEE5} = {6934093E-106C-4DEA-BC18-FA1788CCE28E}
		{4F533561-C36B-4CCC-A7FD-240110D4A429} = {6934093E-106C-4DEA-BC18-FA1788CCE28E}
		{F4E67AFD-89F5-49DA-9017-12EC7793B11D} = {6934093E-106C-4DEA-BC18-FA1788CCE28E}
		{E24D528B-0047-47F4-B1A7-FC19D8763BD9} = {6934093E-106C-4DEA-BC18-FA1788CCE28E}
		{A55CE655-70A8-4DBA-A9A6-CFDE553C5BB7} = {6934093E-106C-4DEA-BC18-FA1788CCE28E}
		{FE119553-C9AB-46F6-BF5D-CDD88AAB2D3D} = {6934093E-106C-4DEA-BC18-FA1788CCE28E}
		{7B324CBF-86B2-42CC-AB84-88D966A938ED} = {E4AEB34C-A430-4314-92BD-B7652C6F45EB}
		{05593BAF-E7F6-4E25-A518-2995A47E0C62} = {E4AEB34C-A430-4314-92BD-B7652C6F45EB}
		{A7FC577A-CBE7-4258-8E85-F81F4F32ABF5} = {E4AEB34C-A430-4314-92BD-B7652C6F45EB}
		{45D6ACA4-66EF-43A0-B211-C0F338E0682F} = {E4AEB34C-A430-4314-92BD-B7652C6F45EB}
		{88B84987-F2B5-4B38-ABAF-B3D742982D6F} = {B5335BA0-4324-46A8-8E11-548DA4AF6073}
		{10720DC4-5D7F-4C02-9269-B5B5E7A9069B} = {B5335BA0-4324-46A8-8E11-548DA4AF6073}
		{E609017B-38E3-45D9-9927-DF2981E28F20} = {B5335BA0-4324-46A8-8E11-548DA4AF6073}
		{1CB4A036-FDCB-479E-A51A-F94FCF9E745A} = {B5335BA0-4324-46A8-8E11-548DA4AF6073}
		{8ACF618F-CD83-4360-9A70-F194972F2AAE} = {B5335BA0-4324-46A8-8E11-548DA4AF6073}
		{13F4CF24-CB75-41CE-B63A-394E59161DB5} = {B5335BA0-4324-46A8-8E11-548DA4AF6073}
	EndGlobalSection
EndGlobal
