
Microsoft Visual Studio Solution File, Format Version 12.00
# Visual Studio Version 17
VisualStudioVersion = 17.0.31903.59
MinimumVisualStudioVersion = 10.0.40219.1
Project("{FAE04EC0-301F-11D3-BF4B-00C04F79EFBC}") = "stop-sign", "stop-sign\stop-sign.csproj", "{C370B460-7C44-4751-AE22-524D1C14C334}"
EndProject
Project("{FAE04EC0-301F-11D3-BF4B-00C04F79EFBC}") = "sandbox", "sandbox\sandbox.csproj", "{AA24A69B-47D3-49C8-9E5D-FAEC9B5D57B5}"
EndProject
Project("{FAE04EC0-301F-11D3-BF4B-00C04F79EFBC}") = "Ch2Ex6", "Ch2Ex6\Ch2Ex6.csproj", "{F4E67AFD-89F5-49DA-9017-12EC7793B11D}"
EndProject
Project("{FAE04EC0-301F-11D3-BF4B-00C04F79EFBC}") = "Ch2Ex8", "Ch2Ex8\Ch2Ex8.csproj", "{4F533561-C36B-4CCC-A7FD-240110D4A429}"
EndProject
Project("{FAE04EC0-301F-11D3-BF4B-00C04F79EFBC}") = "Ch2Ex9", "Ch2Ex9\Ch2Ex9.csproj", "{21CC735E-A459-443C-A667-ED30D3ECFEE5}"
EndProject
Project("{FAE04EC0-301F-11D3-BF4B-00C04F79EFBC}") = "Ch2Ex10", "Ch2Ex10\Ch2Ex10.csproj", "{FE119553-C9AB-46F6-BF5D-CDD88AAB2D3D}"
EndProject
Project("{FAE04EC0-301F-11D3-BF4B-00C04F79EFBC}") = "Ch2Ex11", "Ch2Ex11\Ch2Ex11.csproj", "{A55CE655-70A8-4DBA-A9A6-CFDE553C5BB7}"
EndProject
Project("{FAE04EC0-301F-11D3-BF4B-00C04F79EFBC}") = "Ch3Ex1", "Ch3Ex1\Ch3Ex1.csproj", "{45D6ACA4-66EF-43A0-B211-C0F338E0682F}"
EndProject
Project("{FAE04EC0-301F-11D3-BF4B-00C04F79EFBC}") = "Ch3Ex2", "Ch3Ex2\Ch3Ex2.csproj", "{A7FC577A-CBE7-4258-8E85-F81F4F32ABF5}"
EndProject
Project("{FAE04EC0-301F-11D3-BF4B-00C04F79EFBC}") = "Ch3Ex3", "Ch3Ex3\Ch3Ex3.csproj", "{05593BAF-E7F6-4E25-A518-2995A47E0C62}"
EndProject
Project("{FAE04EC0-301F-11D3-BF4B-00C04F79EFBC}") = "Ch3Ex4", "Ch3Ex4\Ch3Ex4.csproj", "{7B324CBF-86B2-42CC-AB84-88D966A938ED}"
EndProject
Project("{FAE04EC0-301F-11D3-BF4B-00C04F79EFBC}") = "Ch2Ex16", "Ch2Ex16\Ch2Ex16.csproj", "{E24D528B-0047-47F4-B1A7-FC19D8763BD9}"
EndProject
Project("{FAE04EC0-301F-11D3-BF4B-00C04F79EFBC}") = "CanYouVote", "CanYouVote\CanYouVote.csproj", "{C49DD319-A38A-439D-BA78-C4440A22C9FB}"
EndProject
Project("{FAE04EC0-301F-11D3-BF4B-00C04F79EFBC}") = "Ch4Ex1", "Ch4Ex1\Ch4Ex1.csproj", "{13F4CF24-CB75-41CE-B63A-394E59161DB5}"
EndProject
Project("{FAE04EC0-301F-11D3-BF4B-00C04F79EFBC}") = "Ch4Ex2", "Ch4Ex2\Ch4Ex2.csproj", "{8ACF618F-CD83-4360-9A70-F194972F2AAE}"
EndProject
Project("{FAE04EC0-301F-11D3-BF4B-00C04F79EFBC}") = "Ch4Ex3", "Ch4Ex3\Ch4Ex3.csproj", "{1CB4A036-FDCB-479E-A51A-F94FCF9E745A}"
EndProject
Project("{FAE04EC0-301F-11D3-BF4B-00C04F79EFBC}") = "Ch4Ex4", "Ch4Ex4\Ch4Ex4.csproj", "{E609017B-38E3-45D9-9927-DF2981E28F20}"
EndProject
Project("{FAE04EC0-301F-11D3-BF4B-00C04F79EFBC}") = "Ch4Ex5", "Ch4Ex5\Ch4Ex5.csproj", "{10720DC4-5D7F-4C02-9269-B5B5E7A9069B}"
EndProject
Project("{FAE04EC0-301F-11D3-BF4B-00C04F79EFBC}") = "Ch5Ex5", "Ch5Ex5\Ch5Ex5.csproj", "{EA1FA8E2-1A6F-4A0B-BA89-EF2EF26A5D4C}"
EndProject
Global
	GlobalSection(SolutionConfigurationPlatforms) = preSolution
		Debug|Any CPU = Debug|Any CPU
		Release|Any CPU = Release|Any CPU
	EndGlobalSection
	GlobalSection(SolutionProperties) = preSolution
		HideSolutionNode = FALSE
	EndGlobalSection
	GlobalSection(ProjectConfigurationPlatforms) = postSolution
		{C370B460-7C44-4751-AE22-524D1C14C334}.Debug|Any CPU.ActiveCfg = Debug|Any CPU
		{C370B460-7C44-4751-AE22-524D1C14C334}.Debug|Any CPU.Build.0 = Debug|Any CPU
		{C370B460-7C44-4751-AE22-524D1C14C334}.Release|Any CPU.ActiveCfg = Release|Any CPU
		{C370B460-7C44-4751-AE22-524D1C14C334}.Release|Any CPU.Build.0 = Release|Any CPU
		{721BB619-FE28-462B-8E9D-395373CD0202}.Debug|Any CPU.ActiveCfg = Debug|Any CPU
		{721BB619-FE28-462B-8E9D-395373CD0202}.Debug|Any CPU.Build.0 = Debug|Any CPU
		{721BB619-FE28-462B-8E9D-395373CD0202}.Release|Any CPU.ActiveCfg = Release|Any CPU
		{721BB619-FE28-462B-8E9D-395373CD0202}.Release|Any CPU.Build.0 = Release|Any CPU
		{AA24A69B-47D3-49C8-9E5D-FAEC9B5D57B5}.Debug|Any CPU.ActiveCfg = Debug|Any CPU
		{AA24A69B-47D3-49C8-9E5D-FAEC9B5D57B5}.Debug|Any CPU.Build.0 = Debug|Any CPU
		{AA24A69B-47D3-49C8-9E5D-FAEC9B5D57B5}.Release|Any CPU.ActiveCfg = Release|Any CPU
		{AA24A69B-47D3-49C8-9E5D-FAEC9B5D57B5}.Release|Any CPU.Build.0 = Release|Any CPU
		{F4E67AFD-89F5-49DA-9017-12EC7793B11D}.Debug|Any CPU.ActiveCfg = Debug|Any CPU
		{F4E67AFD-89F5-49DA-9017-12EC7793B11D}.Debug|Any CPU.Build.0 = Debug|Any CPU
		{F4E67AFD-89F5-49DA-9017-12EC7793B11D}.Release|Any CPU.ActiveCfg = Release|Any CPU
		{F4E67AFD-89F5-49DA-9017-12EC7793B11D}.Release|Any CPU.Build.0 = Release|Any CPU
		{4F533561-C36B-4CCC-A7FD-240110D4A429}.Debug|Any CPU.ActiveCfg = Debug|Any CPU
		{4F533561-C36B-4CCC-A7FD-240110D4A429}.Debug|Any CPU.Build.0 = Debug|Any CPU
		{4F533561-C36B-4CCC-A7FD-240110D4A429}.Release|Any CPU.ActiveCfg = Release|Any CPU
		{4F533561-C36B-4CCC-A7FD-240110D4A429}.Release|Any CPU.Build.0 = Release|Any CPU
		{21CC735E-A459-443C-A667-ED30D3ECFEE5}.Debug|Any CPU.ActiveCfg = Debug|Any CPU
		{21CC735E-A459-443C-A667-ED30D3ECFEE5}.Debug|Any CPU.Build.0 = Debug|Any CPU
		{21CC735E-A459-443C-A667-ED30D3ECFEE5}.Release|Any CPU.ActiveCfg = Release|Any CPU
		{21CC735E-A459-443C-A667-ED30D3ECFEE5}.Release|Any CPU.Build.0 = Release|Any CPU
		{FE119553-C9AB-46F6-BF5D-CDD88AAB2D3D}.Debug|Any CPU.ActiveCfg = Debug|Any CPU
		{FE119553-C9AB-46F6-BF5D-CDD88AAB2D3D}.Debug|Any CPU.Build.0 = Debug|Any CPU
		{FE119553-C9AB-46F6-BF5D-CDD88AAB2D3D}.Release|Any CPU.ActiveCfg = Release|Any CPU
		{FE119553-C9AB-46F6-BF5D-CDD88AAB2D3D}.Release|Any CPU.Build.0 = Release|Any CPU
		{A55CE655-70A8-4DBA-A9A6-CFDE553C5BB7}.Debug|Any CPU.ActiveCfg = Debug|Any CPU
		{A55CE655-70A8-4DBA-A9A6-CFDE553C5BB7}.Debug|Any CPU.Build.0 = Debug|Any CPU
		{A55CE655-70A8-4DBA-A9A6-CFDE553C5BB7}.Release|Any CPU.ActiveCfg = Release|Any CPU
		{A55CE655-70A8-4DBA-A9A6-CFDE553C5BB7}.Release|Any CPU.Build.0 = Release|Any CPU
		{BCE6DDB7-E3BC-41B4-BF83-F11F64CAD3C5}.Debug|Any CPU.ActiveCfg = Debug|Any CPU
		{BCE6DDB7-E3BC-41B4-BF83-F11F64CAD3C5}.Debug|Any CPU.Build.0 = Debug|Any CPU
		{BCE6DDB7-E3BC-41B4-BF83-F11F64CAD3C5}.Release|Any CPU.ActiveCfg = Release|Any CPU
		{BCE6DDB7-E3BC-41B4-BF83-F11F64CAD3C5}.Release|Any CPU.Build.0 = Release|Any CPU
		{45D6ACA4-66EF-43A0-B211-C0F338E0682F}.Debug|Any CPU.ActiveCfg = Debug|Any CPU
		{45D6ACA4-66EF-43A0-B211-C0F338E0682F}.Debug|Any CPU.Build.0 = Debug|Any CPU
		{45D6ACA4-66EF-43A0-B211-C0F338E0682F}.Release|Any CPU.ActiveCfg = Release|Any CPU
		{45D6ACA4-66EF-43A0-B211-C0F338E0682F}.Release|Any CPU.Build.0 = Release|Any CPU
		{A7FC577A-CBE7-4258-8E85-F81F4F32ABF5}.Debug|Any CPU.ActiveCfg = Debug|Any CPU
		{A7FC577A-CBE7-4258-8E85-F81F4F32ABF5}.Debug|Any CPU.Build.0 = Debug|Any CPU
		{A7FC577A-CBE7-4258-8E85-F81F4F32ABF5}.Release|Any CPU.ActiveCfg = Release|Any CPU
		{A7FC577A-CBE7-4258-8E85-F81F4F32ABF5}.Release|Any CPU.Build.0 = Release|Any CPU
		{05593BAF-E7F6-4E25-A518-2995A47E0C62}.Debug|Any CPU.ActiveCfg = Debug|Any CPU
		{05593BAF-E7F6-4E25-A518-2995A47E0C62}.Debug|Any CPU.Build.0 = Debug|Any CPU
		{05593BAF-E7F6-4E25-A518-2995A47E0C62}.Release|Any CPU.ActiveCfg = Release|Any CPU
		{05593BAF-E7F6-4E25-A518-2995A47E0C62}.Release|Any CPU.Build.0 = Release|Any CPU
		{7B324CBF-86B2-42CC-AB84-88D966A938ED}.Debug|Any CPU.ActiveCfg = Debug|Any CPU
		{7B324CBF-86B2-42CC-AB84-88D966A938ED}.Debug|Any CPU.Build.0 = Debug|Any CPU
		{7B324CBF-86B2-42CC-AB84-88D966A938ED}.Release|Any CPU.ActiveCfg = Release|Any CPU
		{7B324CBF-86B2-42CC-AB84-88D966A938ED}.Release|Any CPU.Build.0 = Release|Any CPU
		{E24D528B-0047-47F4-B1A7-FC19D8763BD9}.Debug|Any CPU.ActiveCfg = Debug|Any CPU
		{E24D528B-0047-47F4-B1A7-FC19D8763BD9}.Debug|Any CPU.Build.0 = Debug|Any CPU
		{E24D528B-0047-47F4-B1A7-FC19D8763BD9}.Release|Any CPU.ActiveCfg = Release|Any CPU
		{E24D528B-0047-47F4-B1A7-FC19D8763BD9}.Release|Any CPU.Build.0 = Release|Any CPU
		{C49DD319-A38A-439D-BA78-C4440A22C9FB}.Debug|Any CPU.ActiveCfg = Debug|Any CPU
		{C49DD319-A38A-439D-BA78-C4440A22C9FB}.Debug|Any CPU.Build.0 = Debug|Any CPU
		{C49DD319-A38A-439D-BA78-C4440A22C9FB}.Release|Any CPU.ActiveCfg = Release|Any CPU
		{C49DD319-A38A-439D-BA78-C4440A22C9FB}.Release|Any CPU.Build.0 = Release|Any CPU
		{13F4CF24-CB75-41CE-B63A-394E59161DB5}.Debug|Any CPU.ActiveCfg = Debug|Any CPU
		{13F4CF24-CB75-41CE-B63A-394E59161DB5}.Debug|Any CPU.Build.0 = Debug|Any CPU
		{13F4CF24-CB75-41CE-B63A-394E59161DB5}.Release|Any CPU.ActiveCfg = Release|Any CPU
		{13F4CF24-CB75-41CE-B63A-394E59161DB5}.Release|Any CPU.Build.0 = Release|Any CPU
		{8ACF618F-CD83-4360-9A70-F194972F2AAE}.Debug|Any CPU.ActiveCfg = Debug|Any CPU
		{8ACF618F-CD83-4360-9A70-F194972F2AAE}.Debug|Any CPU.Build.0 = Debug|Any CPU
		{8ACF618F-CD83-4360-9A70-F194972F2AAE}.Release|Any CPU.ActiveCfg = Release|Any CPU
		{8ACF618F-CD83-4360-9A70-F194972F2AAE}.Release|Any CPU.Build.0 = Release|Any CPU
		{1CB4A036-FDCB-479E-A51A-F94FCF9E745A}.Debug|Any CPU.ActiveCfg = Debug|Any CPU
		{1CB4A036-FDCB-479E-A51A-F94FCF9E745A}.Debug|Any CPU.Build.0 = Debug|Any CPU
		{1CB4A036-FDCB-479E-A51A-F94FCF9E745A}.Release|Any CPU.ActiveCfg = Release|Any CPU
		{1CB4A036-FDCB-479E-A51A-F94FCF9E745A}.Release|Any CPU.Build.0 = Release|Any CPU
		{E609017B-38E3-45D9-9927-DF2981E28F20}.Debug|Any CPU.ActiveCfg = Debug|Any CPU
		{E609017B-38E3-45D9-9927-DF2981E28F20}.Debug|Any CPU.Build.0 = Debug|Any CPU
		{E609017B-38E3-45D9-9927-DF2981E28F20}.Release|Any CPU.ActiveCfg = Release|Any CPU
		{E609017B-38E3-45D9-9927-DF2981E28F20}.Release|Any CPU.Build.0 = Release|Any CPU
		{10720DC4-5D7F-4C02-9269-B5B5E7A9069B}.Debug|Any CPU.ActiveCfg = Debug|Any CPU
		{10720DC4-5D7F-4C02-9269-B5B5E7A9069B}.Debug|Any CPU.Build.0 = Debug|Any CPU
		{10720DC4-5D7F-4C02-9269-B5B5E7A9069B}.Release|Any CPU.ActiveCfg = Release|Any CPU
		{10720DC4-5D7F-4C02-9269-B5B5E7A9069B}.Release|Any CPU.Build.0 = Release|Any CPU
		{EA1FA8E2-1A6F-4A0B-BA89-EF2EF26A5D4C}.Debug|Any CPU.ActiveCfg = Debug|Any CPU
		{EA1FA8E2-1A6F-4A0B-BA89-EF2EF26A5D4C}.Debug|Any CPU.Build.0 = Debug|Any CPU
		{EA1FA8E2-1A6F-4A0B-BA89-EF2EF26A5D4C}.Release|Any CPU.ActiveCfg = Release|Any CPU
		{EA1FA8E2-1A6F-4A0B-BA89-EF2EF26A5D4C}.Release|Any CPU.Build.0 = Release|Any CPU
	EndGlobalSection
EndGlobal
